// !$*UTF8*$!
{
	archiveVersion = 1;
	classes = {
	};
	objectVersion = 46;
	objects = {

/* Begin PBXBuildFile section */
		D5AE31B61B2CE3B60040BD66 /* Streng.h in Headers */ = {isa = PBXBuildFile; fileRef = D5AE31B51B2CE3B60040BD66 /* Streng.h */; settings = {ATTRIBUTES = (Public, ); }; };
		D5AE31BD1B2CE3B60040BD66 /* Streng.framework in Frameworks */ = {isa = PBXBuildFile; fileRef = D5AE31B21B2CE3B60040BD66 /* Streng.framework */; };
		D5AE31C21B2CE3B60040BD66 /* StrengTests.swift in Sources */ = {isa = PBXBuildFile; fileRef = D5AE31C11B2CE3B60040BD66 /* StrengTests.swift */; };
/* End PBXBuildFile section */

/* Begin PBXContainerItemProxy section */
		D5AE31BE1B2CE3B60040BD66 /* PBXContainerItemProxy */ = {
			isa = PBXContainerItemProxy;
			containerPortal = D5AE31A91B2CE3B60040BD66 /* Project object */;
			proxyType = 1;
			remoteGlobalIDString = D5AE31B11B2CE3B60040BD66;
			remoteInfo = Streng;
		};
/* End PBXContainerItemProxy section */

/* Begin PBXFileReference section */
		D5AE31B21B2CE3B60040BD66 /* Streng.framework */ = {isa = PBXFileReference; explicitFileType = wrapper.framework; includeInIndex = 0; path = Streng.framework; sourceTree = BUILT_PRODUCTS_DIR; };
		D5AE31B51B2CE3B60040BD66 /* Streng.h */ = {isa = PBXFileReference; lastKnownFileType = sourcecode.c.h; path = Streng.h; sourceTree = "<group>"; };
		D5AE31B71B2CE3B60040BD66 /* Info.plist */ = {isa = PBXFileReference; lastKnownFileType = text.plist.xml; path = Info.plist; sourceTree = "<group>"; };
		D5AE31BC1B2CE3B60040BD66 /* StrengTests.xctest */ = {isa = PBXFileReference; explicitFileType = wrapper.cfbundle; includeInIndex = 0; path = StrengTests.xctest; sourceTree = BUILT_PRODUCTS_DIR; };
		D5AE31C11B2CE3B60040BD66 /* StrengTests.swift */ = {isa = PBXFileReference; lastKnownFileType = sourcecode.swift; path = StrengTests.swift; sourceTree = "<group>"; };
		D5AE31C31B2CE3B60040BD66 /* Info.plist */ = {isa = PBXFileReference; lastKnownFileType = text.plist.xml; path = Info.plist; sourceTree = "<group>"; };
/* End PBXFileReference section */

/* Begin PBXFrameworksBuildPhase section */
		D5AE31AE1B2CE3B60040BD66 /* Frameworks */ = {
			isa = PBXFrameworksBuildPhase;
			buildActionMask = 2147483647;
			files = (
			);
			runOnlyForDeploymentPostprocessing = 0;
		};
		D5AE31B91B2CE3B60040BD66 /* Frameworks */ = {
			isa = PBXFrameworksBuildPhase;
			buildActionMask = 2147483647;
			files = (
				D5AE31BD1B2CE3B60040BD66 /* Streng.framework in Frameworks */,
			);
			runOnlyForDeploymentPostprocessing = 0;
		};
/* End PBXFrameworksBuildPhase section */

/* Begin PBXGroup section */
		D5AE31A81B2CE3B60040BD66 = {
			isa = PBXGroup;
			children = (
				D5AE31B41B2CE3B60040BD66 /* Streng */,
				D5AE31C01B2CE3B60040BD66 /* StrengTests */,
				D5AE31B31B2CE3B60040BD66 /* Products */,
			);
			sourceTree = "<group>";
		};
		D5AE31B31B2CE3B60040BD66 /* Products */ = {
			isa = PBXGroup;
			children = (
				D5AE31B21B2CE3B60040BD66 /* Streng.framework */,
				D5AE31BC1B2CE3B60040BD66 /* StrengTests.xctest */,
			);
			name = Products;
			sourceTree = "<group>";
		};
		D5AE31B41B2CE3B60040BD66 /* Streng */ = {
			isa = PBXGroup;
			children = (
				D5AE31B51B2CE3B60040BD66 /* Streng.h */,
				D5AE31B71B2CE3B60040BD66 /* Info.plist */,
			);
			path = Streng;
			sourceTree = "<group>";
		};
		D5AE31C01B2CE3B60040BD66 /* StrengTests */ = {
			isa = PBXGroup;
			children = (
				D5AE31C11B2CE3B60040BD66 /* StrengTests.swift */,
				D5AE31C31B2CE3B60040BD66 /* Info.plist */,
			);
			path = StrengTests;
			sourceTree = "<group>";
		};
/* End PBXGroup section */

/* Begin PBXHeadersBuildPhase section */
		D5AE31AF1B2CE3B60040BD66 /* Headers */ = {
			isa = PBXHeadersBuildPhase;
			buildActionMask = 2147483647;
			files = (
				D5AE31B61B2CE3B60040BD66 /* Streng.h in Headers */,
			);
			runOnlyForDeploymentPostprocessing = 0;
		};
/* End PBXHeadersBuildPhase section */

/* Begin PBXNativeTarget section */
		D5AE31B11B2CE3B60040BD66 /* Streng */ = {
			isa = PBXNativeTarget;
			buildConfigurationList = D5AE31C61B2CE3B60040BD66 /* Build configuration list for PBXNativeTarget "Streng" */;
			buildPhases = (
				D5AE31AD1B2CE3B60040BD66 /* Sources */,
				D5AE31AE1B2CE3B60040BD66 /* Frameworks */,
				D5AE31AF1B2CE3B60040BD66 /* Headers */,
				D5AE31B01B2CE3B60040BD66 /* Resources */,
			);
			buildRules = (
			);
			dependencies = (
			);
			name = Streng;
			productName = Streng;
			productReference = D5AE31B21B2CE3B60040BD66 /* Streng.framework */;
			productType = "com.apple.product-type.framework";
		};
		D5AE31BB1B2CE3B60040BD66 /* StrengTests */ = {
			isa = PBXNativeTarget;
			buildConfigurationList = D5AE31C91B2CE3B60040BD66 /* Build configuration list for PBXNativeTarget "StrengTests" */;
			buildPhases = (
				D5AE31B81B2CE3B60040BD66 /* Sources */,
				D5AE31B91B2CE3B60040BD66 /* Frameworks */,
				D5AE31BA1B2CE3B60040BD66 /* Resources */,
			);
			buildRules = (
			);
			dependencies = (
				D5AE31BF1B2CE3B60040BD66 /* PBXTargetDependency */,
			);
			name = StrengTests;
			productName = StrengTests;
			productReference = D5AE31BC1B2CE3B60040BD66 /* StrengTests.xctest */;
			productType = "com.apple.product-type.bundle.unit-test";
		};
/* End PBXNativeTarget section */

/* Begin PBXProject section */
		D5AE31A91B2CE3B60040BD66 /* Project object */ = {
			isa = PBXProject;
			attributes = {
				LastUpgradeCheck = 0700;
				ORGANIZATIONNAME = Translusion;
				TargetAttributes = {
					D5AE31B11B2CE3B60040BD66 = {
						CreatedOnToolsVersion = 7.0;
					};
					D5AE31BB1B2CE3B60040BD66 = {
						CreatedOnToolsVersion = 7.0;
					};
				};
			};
			buildConfigurationList = D5AE31AC1B2CE3B60040BD66 /* Build configuration list for PBXProject "Streng" */;
			compatibilityVersion = "Xcode 3.2";
			developmentRegion = English;
			hasScannedForEncodings = 0;
			knownRegions = (
				en,
			);
			mainGroup = D5AE31A81B2CE3B60040BD66;
			productRefGroup = D5AE31B31B2CE3B60040BD66 /* Products */;
			projectDirPath = "";
			projectRoot = "";
			targets = (
				D5AE31B11B2CE3B60040BD66 /* Streng */,
				D5AE31BB1B2CE3B60040BD66 /* StrengTests */,
			);
		};
/* End PBXProject section */

/* Begin PBXResourcesBuildPhase section */
		D5AE31B01B2CE3B60040BD66 /* Resources */ = {
			isa = PBXResourcesBuildPhase;
			buildActionMask = 2147483647;
			files = (
			);
			runOnlyForDeploymentPostprocessing = 0;
		};
		D5AE31BA1B2CE3B60040BD66 /* Resources */ = {
			isa = PBXResourcesBuildPhase;
			buildActionMask = 2147483647;
			files = (
			);
			runOnlyForDeploymentPostprocessing = 0;
		};
/* End PBXResourcesBuildPhase section */

/* Begin PBXSourcesBuildPhase section */
		D5AE31AD1B2CE3B60040BD66 /* Sources */ = {
			isa = PBXSourcesBuildPhase;
			buildActionMask = 2147483647;
			files = (
			);
			runOnlyForDeploymentPostprocessing = 0;
		};
		D5AE31B81B2CE3B60040BD66 /* Sources */ = {
			isa = PBXSourcesBuildPhase;
			buildActionMask = 2147483647;
			files = (
				D5AE31C21B2CE3B60040BD66 /* StrengTests.swift in Sources */,
			);
			runOnlyForDeploymentPostprocessing = 0;
		};
/* End PBXSourcesBuildPhase section */

/* Begin PBXTargetDependency section */
		D5AE31BF1B2CE3B60040BD66 /* PBXTargetDependency */ = {
			isa = PBXTargetDependency;
			target = D5AE31B11B2CE3B60040BD66 /* Streng */;
			targetProxy = D5AE31BE1B2CE3B60040BD66 /* PBXContainerItemProxy */;
		};
/* End PBXTargetDependency section */

/* Begin XCBuildConfiguration section */
		D5AE31C41B2CE3B60040BD66 /* Debug */ = {
			isa = XCBuildConfiguration;
			buildSettings = {
				ALWAYS_SEARCH_USER_PATHS = NO;
				CLANG_CXX_LANGUAGE_STANDARD = "gnu++0x";
				CLANG_CXX_LIBRARY = "libc++";
				CLANG_ENABLE_MODULES = YES;
				CLANG_ENABLE_OBJC_ARC = YES;
				CLANG_WARN_BOOL_CONVERSION = YES;
				CLANG_WARN_CONSTANT_CONVERSION = YES;
				CLANG_WARN_DIRECT_OBJC_ISA_USAGE = YES_ERROR;
				CLANG_WARN_EMPTY_BODY = YES;
				CLANG_WARN_ENUM_CONVERSION = YES;
				CLANG_WARN_INT_CONVERSION = YES;
				CLANG_WARN_OBJC_ROOT_CLASS = YES_ERROR;
				CLANG_WARN_UNREACHABLE_CODE = YES;
				CLANG_WARN__DUPLICATE_METHOD_MATCH = YES;
				COPY_PHASE_STRIP = NO;
				CURRENT_PROJECT_VERSION = 1;
				DEBUG_INFORMATION_FORMAT = dwarf;
				ENABLE_STRICT_OBJC_MSGSEND = YES;
				ENABLE_TESTABILITY = YES;
				GCC_C_LANGUAGE_STANDARD = gnu99;
				GCC_DYNAMIC_NO_PIC = NO;
				GCC_NO_COMMON_BLOCKS = YES;
				GCC_OPTIMIZATION_LEVEL = 0;
				GCC_PREPROCESSOR_DEFINITIONS = (
					"DEBUG=1",
					"$(inherited)",
				);
				GCC_WARN_64_TO_32_BIT_CONVERSION = YES;
				GCC_WARN_ABOUT_RETURN_TYPE = YES_ERROR;
				GCC_WARN_UNDECLARED_SELECTOR = YES;
				GCC_WARN_UNINITIALIZED_AUTOS = YES_AGGRESSIVE;
				GCC_WARN_UNUSED_FUNCTION = YES;
				GCC_WARN_UNUSED_VARIABLE = YES;
				MACOSX_DEPLOYMENT_TARGET = 10.10;
				MTL_ENABLE_DEBUG_INFO = YES;
				ONLY_ACTIVE_ARCH = YES;
				SDKROOT = macosx;
				SWIFT_OPTIMIZATION_LEVEL = "-Onone";
				VERSIONING_SYSTEM = "apple-generic";
				VERSION_INFO_PREFIX = "";
			};
			name = Debug;
		};
		D5AE31C51B2CE3B60040BD66 /* Release */ = {
			isa = XCBuildConfiguration;
			buildSettings = {
				ALWAYS_SEARCH_USER_PATHS = NO;
				CLANG_CXX_LANGUAGE_STANDARD = "gnu++0x";
				CLANG_CXX_LIBRARY = "libc++";
				CLANG_ENABLE_MODULES = YES;
				CLANG_ENABLE_OBJC_ARC = YES;
				CLANG_WARN_BOOL_CONVERSION = YES;
				CLANG_WARN_CONSTANT_CONVERSION = YES;
				CLANG_WARN_DIRECT_OBJC_ISA_USAGE = YES_ERROR;
				CLANG_WARN_EMPTY_BODY = YES;
				CLANG_WARN_ENUM_CONVERSION = YES;
				CLANG_WARN_INT_CONVERSION = YES;
				CLANG_WARN_OBJC_ROOT_CLASS = YES_ERROR;
				CLANG_WARN_UNREACHABLE_CODE = YES;
				CLANG_WARN__DUPLICATE_METHOD_MATCH = YES;
				COPY_PHASE_STRIP = NO;
				CURRENT_PROJECT_VERSION = 1;
				DEBUG_INFORMATION_FORMAT = "dwarf-with-dsym";
				ENABLE_NS_ASSERTIONS = NO;
				ENABLE_STRICT_OBJC_MSGSEND = YES;
				GCC_C_LANGUAGE_STANDARD = gnu99;
				GCC_NO_COMMON_BLOCKS = YES;
				GCC_WARN_64_TO_32_BIT_CONVERSION = YES;
				GCC_WARN_ABOUT_RETURN_TYPE = YES_ERROR;
				GCC_WARN_UNDECLARED_SELECTOR = YES;
				GCC_WARN_UNINITIALIZED_AUTOS = YES_AGGRESSIVE;
				GCC_WARN_UNUSED_FUNCTION = YES;
				GCC_WARN_UNUSED_VARIABLE = YES;
				MACOSX_DEPLOYMENT_TARGET = 10.10;
				MTL_ENABLE_DEBUG_INFO = NO;
				SDKROOT = macosx;
				VERSIONING_SYSTEM = "apple-generic";
				VERSION_INFO_PREFIX = "";
			};
			name = Release;
		};
		D5AE31C71B2CE3B60040BD66 /* Debug */ = {
			isa = XCBuildConfiguration;
			buildSettings = {
				COMBINE_HIDPI_IMAGES = YES;
				DEFINES_MODULE = YES;
				DYLIB_COMPATIBILITY_VERSION = 1;
				DYLIB_CURRENT_VERSION = 1;
				DYLIB_INSTALL_NAME_BASE = "@rpath";
				FRAMEWORK_VERSION = A;
				INFOPLIST_FILE = Streng/Info.plist;
				INSTALL_PATH = "$(LOCAL_LIBRARY_DIR)/Frameworks";
				LD_RUNPATH_SEARCH_PATHS = "$(inherited) @executable_path/../Frameworks @loader_path/Frameworks";
				PRODUCT_BUNDLE_IDENTIFIER = com.translusion.Streng;
				PRODUCT_NAME = "$(TARGET_NAME)";
				SKIP_INSTALL = YES;
			};
			name = Debug;
		};
		D5AE31C81B2CE3B60040BD66 /* Release */ = {
			isa = XCBuildConfiguration;
			buildSettings = {
				COMBINE_HIDPI_IMAGES = YES;
				DEFINES_MODULE = YES;
				DYLIB_COMPATIBILITY_VERSION = 1;
				DYLIB_CURRENT_VERSION = 1;
				DYLIB_INSTALL_NAME_BASE = "@rpath";
				FRAMEWORK_VERSION = A;
				INFOPLIST_FILE = Streng/Info.plist;
				INSTALL_PATH = "$(LOCAL_LIBRARY_DIR)/Frameworks";
				LD_RUNPATH_SEARCH_PATHS = "$(inherited) @executable_path/../Frameworks @loader_path/Frameworks";
				PRODUCT_BUNDLE_IDENTIFIER = com.translusion.Streng;
				PRODUCT_NAME = "$(TARGET_NAME)";
				SKIP_INSTALL = YES;
			};
			name = Release;
		};
		D5AE31CA1B2CE3B60040BD66 /* Debug */ = {
			isa = XCBuildConfiguration;
			buildSettings = {
				COMBINE_HIDPI_IMAGES = YES;
				INFOPLIST_FILE = StrengTests/Info.plist;
				LD_RUNPATH_SEARCH_PATHS = "$(inherited) @executable_path/../Frameworks @loader_path/../Frameworks";
				PRODUCT_BUNDLE_IDENTIFIER = com.translusion.StrengTests;
				PRODUCT_NAME = "$(TARGET_NAME)";
			};
			name = Debug;
		};
		D5AE31CB1B2CE3B60040BD66 /* Release */ = {
			isa = XCBuildConfiguration;
			buildSettings = {
				COMBINE_HIDPI_IMAGES = YES;
				INFOPLIST_FILE = StrengTests/Info.plist;
				LD_RUNPATH_SEARCH_PATHS = "$(inherited) @executable_path/../Frameworks @loader_path/../Frameworks";
				PRODUCT_BUNDLE_IDENTIFIER = com.translusion.StrengTests;
				PRODUCT_NAME = "$(TARGET_NAME)";
			};
			name = Release;
		};
/* End XCBuildConfiguration section */

/* Begin XCConfigurationList section */
		D5AE31AC1B2CE3B60040BD66 /* Build configuration list for PBXProject "Streng" */ = {
			isa = XCConfigurationList;
			buildConfigurations = (
				D5AE31C41B2CE3B60040BD66 /* Debug */,
				D5AE31C51B2CE3B60040BD66 /* Release */,
			);
			defaultConfigurationIsVisible = 0;
			defaultConfigurationName = Release;
		};
		D5AE31C61B2CE3B60040BD66 /* Build configuration list for PBXNativeTarget "Streng" */ = {
			isa = XCConfigurationList;
			buildConfigurations = (
				D5AE31C71B2CE3B60040BD66 /* Debug */,
				D5AE31C81B2CE3B60040BD66 /* Release */,
			);
			defaultConfigurationIsVisible = 0;
		};
		D5AE31C91B2CE3B60040BD66 /* Build configuration list for PBXNativeTarget "StrengTests" */ = {
			isa = XCConfigurationList;
			buildConfigurations = (
				D5AE31CA1B2CE3B60040BD66 /* Debug */,
				D5AE31CB1B2CE3B60040BD66 /* Release */,
			);
			defaultConfigurationIsVisible = 0;
		};
/* End XCConfigurationList section */
	};
	rootObject = D5AE31A91B2CE3B60040BD66 /* Project object */;
}
